
Microsoft Visual Studio Solution File, Format Version 12.00
# Visual Studio Version 16
VisualStudioVersion = 16.0.33529.622
MinimumVisualStudioVersion = 10.0.40219.1
Project("{FAE04EC0-301F-11D3-BF4B-00C04F79EFBC}") = "AllNetSolutions", "AllNetSolutions\AllNetSolutions.csproj", "{30C80894-B7AD-460F-8637-01AEF1ACA610}"
EndProject
Global
	GlobalSection(SolutionConfigurationPlatforms) = preSolution
		Debug|Any CPU = Debug|Any CPU
		Release|Any CPU = Release|Any CPU
	EndGlobalSection
	GlobalSection(ProjectConfigurationPlatforms) = postSolution
		{30C80894-B7AD-460F-8637-01AEF1ACA610}.Debug|Any CPU.ActiveCfg = Debug|Any CPU
		{30C80894-B7AD-460F-8637-01AEF1ACA610}.Debug|Any CPU.Build.0 = Debug|Any CPU
		{30C80894-B7AD-460F-8637-01AEF1ACA610}.Release|Any CPU.ActiveCfg = Release|Any CPU
		{30C80894-B7AD-460F-8637-01AEF1ACA610}.Release|Any CPU.Build.0 = Release|Any CPU
	EndGlobalSection
	GlobalSection(SolutionProperties) = preSolution
		HideSolutionNode = FALSE
	EndGlobalSection
	GlobalSection(ExtensibilityGlobals) = postSolution
		SolutionGuid = {FF7FD098-0407-4AE8-94F7-C67901958242}
	EndGlobalSection
EndGlobal
